// !$*UTF8*$!
{
	archiveVersion = 1;
	classes = {
	};
	objectVersion = 50;
	objects = {

/* Begin PBXBuildFile section */
		CD03E7822790FC62009BD7F8 /* ScrumdingerApp.swift in Sources */ = {isa = PBXBuildFile; fileRef = CD03E7812790FC62009BD7F8 /* ScrumdingerApp.swift */; };
		CD03E7842790FC62009BD7F8 /* MeetingView.swift in Sources */ = {isa = PBXBuildFile; fileRef = CD03E7832790FC62009BD7F8 /* MeetingView.swift */; };
		CD03E7892790FC65009BD7F8 /* Preview Assets.xcassets in Resources */ = {isa = PBXBuildFile; fileRef = CD03E7882790FC65009BD7F8 /* Preview Assets.xcassets */; };
		CD03E7942790FC65009BD7F8 /* ScrumdingerTests.swift in Sources */ = {isa = PBXBuildFile; fileRef = CD03E7932790FC65009BD7F8 /* ScrumdingerTests.swift */; };
		CD03E79F2790FC65009BD7F8 /* ScrumdingerUITests.swift in Sources */ = {isa = PBXBuildFile; fileRef = CD03E79E2790FC65009BD7F8 /* ScrumdingerUITests.swift */; };
		CD03E7B427912BB1009BD7F8 /* Theme.swift in Sources */ = {isa = PBXBuildFile; fileRef = CD03E7B327912BB1009BD7F8 /* Theme.swift */; };
		CD03E7B927928C31009BD7F8 /* DailyScrum.swift in Sources */ = {isa = PBXBuildFile; fileRef = CD03E7B827928C31009BD7F8 /* DailyScrum.swift */; };
		CD03E7BE27928DFC009BD7F8 /* CardView.swift in Sources */ = {isa = PBXBuildFile; fileRef = CD03E7BD27928DFC009BD7F8 /* CardView.swift */; };
		CD03E7C627929167009BD7F8 /* TrailingIconLabelStyle.swift in Sources */ = {isa = PBXBuildFile; fileRef = CD03E7C527929167009BD7F8 /* TrailingIconLabelStyle.swift */; };
		CD03E7D1279298F1009BD7F8 /* ScrumsView.swift in Sources */ = {isa = PBXBuildFile; fileRef = CD03E7D0279298F1009BD7F8 /* ScrumsView.swift */; };
		CD03E7D92792B023009BD7F8 /* Assets.xcassets in Resources */ = {isa = PBXBuildFile; fileRef = CD03E7D82792B023009BD7F8 /* Assets.xcassets */; };
/* End PBXBuildFile section */

/* Begin PBXContainerItemProxy section */
		CD03E7902790FC65009BD7F8 /* PBXContainerItemProxy */ = {
			isa = PBXContainerItemProxy;
			containerPortal = CD03E7762790FC62009BD7F8 /* Project object */;
			proxyType = 1;
			remoteGlobalIDString = CD03E77D2790FC62009BD7F8;
			remoteInfo = Scrumdinger;
		};
		CD03E79B2790FC65009BD7F8 /* PBXContainerItemProxy */ = {
			isa = PBXContainerItemProxy;
			containerPortal = CD03E7762790FC62009BD7F8 /* Project object */;
			proxyType = 1;
			remoteGlobalIDString = CD03E77D2790FC62009BD7F8;
			remoteInfo = Scrumdinger;
		};
/* End PBXContainerItemProxy section */

/* Begin PBXFileReference section */
		CD03E77E2790FC62009BD7F8 /* Scrumdinger.app */ = {isa = PBXFileReference; explicitFileType = wrapper.application; includeInIndex = 0; path = Scrumdinger.app; sourceTree = BUILT_PRODUCTS_DIR; };
		CD03E7812790FC62009BD7F8 /* ScrumdingerApp.swift */ = {isa = PBXFileReference; lastKnownFileType = sourcecode.swift; path = ScrumdingerApp.swift; sourceTree = "<group>"; };
		CD03E7832790FC62009BD7F8 /* MeetingView.swift */ = {isa = PBXFileReference; lastKnownFileType = sourcecode.swift; path = MeetingView.swift; sourceTree = "<group>"; };
		CD03E7882790FC65009BD7F8 /* Preview Assets.xcassets */ = {isa = PBXFileReference; lastKnownFileType = folder.assetcatalog; path = "Preview Assets.xcassets"; sourceTree = "<group>"; };
		CD03E78A2790FC65009BD7F8 /* Info.plist */ = {isa = PBXFileReference; lastKnownFileType = text.plist.xml; path = Info.plist; sourceTree = "<group>"; };
		CD03E78F2790FC65009BD7F8 /* ScrumdingerTests.xctest */ = {isa = PBXFileReference; explicitFileType = wrapper.cfbundle; includeInIndex = 0; path = ScrumdingerTests.xctest; sourceTree = BUILT_PRODUCTS_DIR; };
		CD03E7932790FC65009BD7F8 /* ScrumdingerTests.swift */ = {isa = PBXFileReference; lastKnownFileType = sourcecode.swift; path = ScrumdingerTests.swift; sourceTree = "<group>"; };
		CD03E7952790FC65009BD7F8 /* Info.plist */ = {isa = PBXFileReference; lastKnownFileType = text.plist.xml; path = Info.plist; sourceTree = "<group>"; };
		CD03E79A2790FC65009BD7F8 /* ScrumdingerUITests.xctest */ = {isa = PBXFileReference; explicitFileType = wrapper.cfbundle; includeInIndex = 0; path = ScrumdingerUITests.xctest; sourceTree = BUILT_PRODUCTS_DIR; };
		CD03E79E2790FC65009BD7F8 /* ScrumdingerUITests.swift */ = {isa = PBXFileReference; lastKnownFileType = sourcecode.swift; path = ScrumdingerUITests.swift; sourceTree = "<group>"; };
		CD03E7A02790FC65009BD7F8 /* Info.plist */ = {isa = PBXFileReference; lastKnownFileType = text.plist.xml; path = Info.plist; sourceTree = "<group>"; };
		CD03E7B327912BB1009BD7F8 /* Theme.swift */ = {isa = PBXFileReference; lastKnownFileType = sourcecode.swift; path = Theme.swift; sourceTree = "<group>"; };
		CD03E7B827928C31009BD7F8 /* DailyScrum.swift */ = {isa = PBXFileReference; lastKnownFileType = sourcecode.swift; path = DailyScrum.swift; sourceTree = "<group>"; };
		CD03E7BD27928DFC009BD7F8 /* CardView.swift */ = {isa = PBXFileReference; lastKnownFileType = sourcecode.swift; path = CardView.swift; sourceTree = "<group>"; };
		CD03E7C527929167009BD7F8 /* TrailingIconLabelStyle.swift */ = {isa = PBXFileReference; lastKnownFileType = sourcecode.swift; path = TrailingIconLabelStyle.swift; sourceTree = "<group>"; };
		CD03E7D0279298F1009BD7F8 /* ScrumsView.swift */ = {isa = PBXFileReference; lastKnownFileType = sourcecode.swift; path = ScrumsView.swift; sourceTree = "<group>"; };
		CD03E7D82792B023009BD7F8 /* Assets.xcassets */ = {isa = PBXFileReference; lastKnownFileType = folder.assetcatalog; name = Assets.xcassets; path = ../../Downloads/DisplayingDataInAList/Complete/Scrumdinger/Assets.xcassets; sourceTree = "<group>"; };
/* End PBXFileReference section */

/* Begin PBXFrameworksBuildPhase section */
		CD03E77B2790FC62009BD7F8 /* Frameworks */ = {
			isa = PBXFrameworksBuildPhase;
			buildActionMask = 2147483647;
			files = (
			);
			runOnlyForDeploymentPostprocessing = 0;
		};
		CD03E78C2790FC65009BD7F8 /* Frameworks */ = {
			isa = PBXFrameworksBuildPhase;
			buildActionMask = 2147483647;
			files = (
			);
			runOnlyForDeploymentPostprocessing = 0;
		};
		CD03E7972790FC65009BD7F8 /* Frameworks */ = {
			isa = PBXFrameworksBuildPhase;
			buildActionMask = 2147483647;
			files = (
			);
			runOnlyForDeploymentPostprocessing = 0;
		};
/* End PBXFrameworksBuildPhase section */

/* Begin PBXGroup section */
		CD03E7752790FC62009BD7F8 = {
			isa = PBXGroup;
			children = (
				CD03E7802790FC62009BD7F8 /* Scrumdinger */,
				CD03E7922790FC65009BD7F8 /* ScrumdingerTests */,
				CD03E79D2790FC65009BD7F8 /* ScrumdingerUITests */,
				CD03E77F2790FC62009BD7F8 /* Products */,
			);
			sourceTree = "<group>";
		};
		CD03E77F2790FC62009BD7F8 /* Products */ = {
			isa = PBXGroup;
			children = (
				CD03E77E2790FC62009BD7F8 /* Scrumdinger.app */,
				CD03E78F2790FC65009BD7F8 /* ScrumdingerTests.xctest */,
				CD03E79A2790FC65009BD7F8 /* ScrumdingerUITests.xctest */,
			);
			name = Products;
			sourceTree = "<group>";
		};
		CD03E7802790FC62009BD7F8 /* Scrumdinger */ = {
			isa = PBXGroup;
			children = (
				CD03E7B227912B97009BD7F8 /* Models */,
				CD03E7812790FC62009BD7F8 /* ScrumdingerApp.swift */,
				CD03E7832790FC62009BD7F8 /* MeetingView.swift */,
				CD03E7C527929167009BD7F8 /* TrailingIconLabelStyle.swift */,
				CD03E7BD27928DFC009BD7F8 /* CardView.swift */,
				CD03E7D0279298F1009BD7F8 /* ScrumsView.swift */,
				CD03E7D82792B023009BD7F8 /* Assets.xcassets */,
				CD03E78A2790FC65009BD7F8 /* Info.plist */,
				CD03E7872790FC65009BD7F8 /* Preview Content */,
			);
			path = Scrumdinger;
			sourceTree = "<group>";
		};
		CD03E7872790FC65009BD7F8 /* Preview Content */ = {
			isa = PBXGroup;
			children = (
				CD03E7882790FC65009BD7F8 /* Preview Assets.xcassets */,
			);
			path = "Preview Content";
			sourceTree = "<group>";
		};
		CD03E7922790FC65009BD7F8 /* ScrumdingerTests */ = {
			isa = PBXGroup;
			children = (
				CD03E7932790FC65009BD7F8 /* ScrumdingerTests.swift */,
				CD03E7952790FC65009BD7F8 /* Info.plist */,
			);
			path = ScrumdingerTests;
			sourceTree = "<group>";
		};
		CD03E79D2790FC65009BD7F8 /* ScrumdingerUITests */ = {
			isa = PBXGroup;
			children = (
				CD03E79E2790FC65009BD7F8 /* ScrumdingerUITests.swift */,
				CD03E7A02790FC65009BD7F8 /* Info.plist */,
			);
			path = ScrumdingerUITests;
			sourceTree = "<group>";
		};
		CD03E7B227912B97009BD7F8 /* Models */ = {
			isa = PBXGroup;
			children = (
				CD03E7B327912BB1009BD7F8 /* Theme.swift */,
				CD03E7B827928C31009BD7F8 /* DailyScrum.swift */,
			);
			path = Models;
			sourceTree = "<group>";
		};
/* End PBXGroup section */

/* Begin PBXNativeTarget section */
		CD03E77D2790FC62009BD7F8 /* Scrumdinger */ = {
			isa = PBXNativeTarget;
			buildConfigurationList = CD03E7A32790FC65009BD7F8 /* Build configuration list for PBXNativeTarget "Scrumdinger" */;
			buildPhases = (
				CD03E77A2790FC62009BD7F8 /* Sources */,
				CD03E77B2790FC62009BD7F8 /* Frameworks */,
				CD03E77C2790FC62009BD7F8 /* Resources */,
			);
			buildRules = (
			);
			dependencies = (
			);
			name = Scrumdinger;
			productName = Scrumdinger;
			productReference = CD03E77E2790FC62009BD7F8 /* Scrumdinger.app */;
			productType = "com.apple.product-type.application";
		};
		CD03E78E2790FC65009BD7F8 /* ScrumdingerTests */ = {
			isa = PBXNativeTarget;
			buildConfigurationList = CD03E7A62790FC65009BD7F8 /* Build configuration list for PBXNativeTarget "ScrumdingerTests" */;
			buildPhases = (
				CD03E78B2790FC65009BD7F8 /* Sources */,
				CD03E78C2790FC65009BD7F8 /* Frameworks */,
				CD03E78D2790FC65009BD7F8 /* Resources */,
			);
			buildRules = (
			);
			dependencies = (
				CD03E7912790FC65009BD7F8 /* PBXTargetDependency */,
			);
			name = ScrumdingerTests;
			productName = ScrumdingerTests;
			productReference = CD03E78F2790FC65009BD7F8 /* ScrumdingerTests.xctest */;
			productType = "com.apple.product-type.bundle.unit-test";
		};
		CD03E7992790FC65009BD7F8 /* ScrumdingerUITests */ = {
			isa = PBXNativeTarget;
			buildConfigurationList = CD03E7A92790FC65009BD7F8 /* Build configuration list for PBXNativeTarget "ScrumdingerUITests" */;
			buildPhases = (
				CD03E7962790FC65009BD7F8 /* Sources */,
				CD03E7972790FC65009BD7F8 /* Frameworks */,
				CD03E7982790FC65009BD7F8 /* Resources */,
			);
			buildRules = (
			);
			dependencies = (
				CD03E79C2790FC65009BD7F8 /* PBXTargetDependency */,
			);
			name = ScrumdingerUITests;
			productName = ScrumdingerUITests;
			productReference = CD03E79A2790FC65009BD7F8 /* ScrumdingerUITests.xctest */;
			productType = "com.apple.product-type.bundle.ui-testing";
		};
/* End PBXNativeTarget section */

/* Begin PBXProject section */
		CD03E7762790FC62009BD7F8 /* Project object */ = {
			isa = PBXProject;
			attributes = {
				LastSwiftUpdateCheck = 1240;
				LastUpgradeCheck = 1240;
				TargetAttributes = {
					CD03E77D2790FC62009BD7F8 = {
						CreatedOnToolsVersion = 12.4;
					};
					CD03E78E2790FC65009BD7F8 = {
						CreatedOnToolsVersion = 12.4;
						TestTargetID = CD03E77D2790FC62009BD7F8;
					};
					CD03E7992790FC65009BD7F8 = {
						CreatedOnToolsVersion = 12.4;
						TestTargetID = CD03E77D2790FC62009BD7F8;
					};
				};
			};
			buildConfigurationList = CD03E7792790FC62009BD7F8 /* Build configuration list for PBXProject "Scrumdinger" */;
			compatibilityVersion = "Xcode 9.3";
			developmentRegion = en;
			hasScannedForEncodings = 0;
			knownRegions = (
				en,
				Base,
			);
			mainGroup = CD03E7752790FC62009BD7F8;
			productRefGroup = CD03E77F2790FC62009BD7F8 /* Products */;
			projectDirPath = "";
			projectRoot = "";
			targets = (
				CD03E77D2790FC62009BD7F8 /* Scrumdinger */,
				CD03E78E2790FC65009BD7F8 /* ScrumdingerTests */,
				CD03E7992790FC65009BD7F8 /* ScrumdingerUITests */,
			);
		};
/* End PBXProject section */

/* Begin PBXResourcesBuildPhase section */
		CD03E77C2790FC62009BD7F8 /* Resources */ = {
			isa = PBXResourcesBuildPhase;
			buildActionMask = 2147483647;
			files = (
				CD03E7892790FC65009BD7F8 /* Preview Assets.xcassets in Resources */,
				CD03E7D92792B023009BD7F8 /* Assets.xcassets in Resources */,
			);
			runOnlyForDeploymentPostprocessing = 0;
		};
		CD03E78D2790FC65009BD7F8 /* Resources */ = {
			isa = PBXResourcesBuildPhase;
			buildActionMask = 2147483647;
			files = (
			);
			runOnlyForDeploymentPostprocessing = 0;
		};
		CD03E7982790FC65009BD7F8 /* Resources */ = {
			isa = PBXResourcesBuildPhase;
			buildActionMask = 2147483647;
			files = (
			);
			runOnlyForDeploymentPostprocessing = 0;
		};
/* End PBXResourcesBuildPhase section */

/* Begin PBXSourcesBuildPhase section */
		CD03E77A2790FC62009BD7F8 /* Sources */ = {
			isa = PBXSourcesBuildPhase;
			buildActionMask = 2147483647;
			files = (
				CD03E7B927928C31009BD7F8 /* DailyScrum.swift in Sources */,
				CD03E7C627929167009BD7F8 /* TrailingIconLabelStyle.swift in Sources */,
				CD03E7B427912BB1009BD7F8 /* Theme.swift in Sources */,
				CD03E7D1279298F1009BD7F8 /* ScrumsView.swift in Sources */,
				CD03E7842790FC62009BD7F8 /* MeetingView.swift in Sources */,
				CD03E7822790FC62009BD7F8 /* ScrumdingerApp.swift in Sources */,
				CD03E7BE27928DFC009BD7F8 /* CardView.swift in Sources */,
			);
			runOnlyForDeploymentPostprocessing = 0;
		};
		CD03E78B2790FC65009BD7F8 /* Sources */ = {
			isa = PBXSourcesBuildPhase;
			buildActionMask = 2147483647;
			files = (
				CD03E7942790FC65009BD7F8 /* ScrumdingerTests.swift in Sources */,
			);
			runOnlyForDeploymentPostprocessing = 0;
		};
		CD03E7962790FC65009BD7F8 /* Sources */ = {
			isa = PBXSourcesBuildPhase;
			buildActionMask = 2147483647;
			files = (
				CD03E79F2790FC65009BD7F8 /* ScrumdingerUITests.swift in Sources */,
			);
			runOnlyForDeploymentPostprocessing = 0;
		};
/* End PBXSourcesBuildPhase section */

/* Begin PBXTargetDependency section */
		CD03E7912790FC65009BD7F8 /* PBXTargetDependency */ = {
			isa = PBXTargetDependency;
			target = CD03E77D2790FC62009BD7F8 /* Scrumdinger */;
			targetProxy = CD03E7902790FC65009BD7F8 /* PBXContainerItemProxy */;
		};
		CD03E79C2790FC65009BD7F8 /* PBXTargetDependency */ = {
			isa = PBXTargetDependency;
			target = CD03E77D2790FC62009BD7F8 /* Scrumdinger */;
			targetProxy = CD03E79B2790FC65009BD7F8 /* PBXContainerItemProxy */;
		};
/* End PBXTargetDependency section */

/* Begin XCBuildConfiguration section */
		CD03E7A12790FC65009BD7F8 /* Debug */ = {
			isa = XCBuildConfiguration;
			buildSettings = {
				ALWAYS_SEARCH_USER_PATHS = NO;
				CLANG_ANALYZER_NONNULL = YES;
				CLANG_ANALYZER_NUMBER_OBJECT_CONVERSION = YES_AGGRESSIVE;
				CLANG_CXX_LANGUAGE_STANDARD = "gnu++14";
				CLANG_CXX_LIBRARY = "libc++";
				CLANG_ENABLE_MODULES = YES;
				CLANG_ENABLE_OBJC_ARC = YES;
				CLANG_ENABLE_OBJC_WEAK = YES;
				CLANG_WARN_BLOCK_CAPTURE_AUTORELEASING = YES;
				CLANG_WARN_BOOL_CONVERSION = YES;
				CLANG_WARN_COMMA = YES;
				CLANG_WARN_CONSTANT_CONVERSION = YES;
				CLANG_WARN_DEPRECATED_OBJC_IMPLEMENTATIONS = YES;
				CLANG_WARN_DIRECT_OBJC_ISA_USAGE = YES_ERROR;
				CLANG_WARN_DOCUMENTATION_COMMENTS = YES;
				CLANG_WARN_EMPTY_BODY = YES;
				CLANG_WARN_ENUM_CONVERSION = YES;
				CLANG_WARN_INFINITE_RECURSION = YES;
				CLANG_WARN_INT_CONVERSION = YES;
				CLANG_WARN_NON_LITERAL_NULL_CONVERSION = YES;
				CLANG_WARN_OBJC_IMPLICIT_RETAIN_SELF = YES;
				CLANG_WARN_OBJC_LITERAL_CONVERSION = YES;
				CLANG_WARN_OBJC_ROOT_CLASS = YES_ERROR;
				CLANG_WARN_QUOTED_INCLUDE_IN_FRAMEWORK_HEADER = YES;
				CLANG_WARN_RANGE_LOOP_ANALYSIS = YES;
				CLANG_WARN_STRICT_PROTOTYPES = YES;
				CLANG_WARN_SUSPICIOUS_MOVE = YES;
				CLANG_WARN_UNGUARDED_AVAILABILITY = YES_AGGRESSIVE;
				CLANG_WARN_UNREACHABLE_CODE = YES;
				CLANG_WARN__DUPLICATE_METHOD_MATCH = YES;
				COPY_PHASE_STRIP = NO;
				DEBUG_INFORMATION_FORMAT = dwarf;
				ENABLE_STRICT_OBJC_MSGSEND = YES;
				ENABLE_TESTABILITY = YES;
				GCC_C_LANGUAGE_STANDARD = gnu11;
				GCC_DYNAMIC_NO_PIC = NO;
				GCC_NO_COMMON_BLOCKS = YES;
				GCC_OPTIMIZATION_LEVEL = 0;
				GCC_PREPROCESSOR_DEFINITIONS = (
					"DEBUG=1",
					"$(inherited)",
				);
				GCC_WARN_64_TO_32_BIT_CONVERSION = YES;
				GCC_WARN_ABOUT_RETURN_TYPE = YES_ERROR;
				GCC_WARN_UNDECLARED_SELECTOR = YES;
				GCC_WARN_UNINITIALIZED_AUTOS = YES_AGGRESSIVE;
				GCC_WARN_UNUSED_FUNCTION = YES;
				GCC_WARN_UNUSED_VARIABLE = YES;
				IPHONEOS_DEPLOYMENT_TARGET = 14.4;
				MTL_ENABLE_DEBUG_INFO = INCLUDE_SOURCE;
				MTL_FAST_MATH = YES;
				ONLY_ACTIVE_ARCH = YES;
				SDKROOT = iphoneos;
				SWIFT_ACTIVE_COMPILATION_CONDITIONS = DEBUG;
				SWIFT_OPTIMIZATION_LEVEL = "-Onone";
			};
			name = Debug;
		};
		CD03E7A22790FC65009BD7F8 /* Release */ = {
			isa = XCBuildConfiguration;
			buildSettings = {
				ALWAYS_SEARCH_USER_PATHS = NO;
				CLANG_ANALYZER_NONNULL = YES;
				CLANG_ANALYZER_NUMBER_OBJECT_CONVERSION = YES_AGGRESSIVE;
				CLANG_CXX_LANGUAGE_STANDARD = "gnu++14";
				CLANG_CXX_LIBRARY = "libc++";
				CLANG_ENABLE_MODULES = YES;
				CLANG_ENABLE_OBJC_ARC = YES;
				CLANG_ENABLE_OBJC_WEAK = YES;
				CLANG_WARN_BLOCK_CAPTURE_AUTORELEASING = YES;
				CLANG_WARN_BOOL_CONVERSION = YES;
				CLANG_WARN_COMMA = YES;
				CLANG_WARN_CONSTANT_CONVERSION = YES;
				CLANG_WARN_DEPRECATED_OBJC_IMPLEMENTATIONS = YES;
				CLANG_WARN_DIRECT_OBJC_ISA_USAGE = YES_ERROR;
				CLANG_WARN_DOCUMENTATION_COMMENTS = YES;
				CLANG_WARN_EMPTY_BODY = YES;
				CLANG_WARN_ENUM_CONVERSION = YES;
				CLANG_WARN_INFINITE_RECURSION = YES;
				CLANG_WARN_INT_CONVERSION = YES;
				CLANG_WARN_NON_LITERAL_NULL_CONVERSION = YES;
				CLANG_WARN_OBJC_IMPLICIT_RETAIN_SELF = YES;
				CLANG_WARN_OBJC_LITERAL_CONVERSION = YES;
				CLANG_WARN_OBJC_ROOT_CLASS = YES_ERROR;
				CLANG_WARN_QUOTED_INCLUDE_IN_FRAMEWORK_HEADER = YES;
				CLANG_WARN_RANGE_LOOP_ANALYSIS = YES;
				CLANG_WARN_STRICT_PROTOTYPES = YES;
				CLANG_WARN_SUSPICIOUS_MOVE = YES;
				CLANG_WARN_UNGUARDED_AVAILABILITY = YES_AGGRESSIVE;
				CLANG_WARN_UNREACHABLE_CODE = YES;
				CLANG_WARN__DUPLICATE_METHOD_MATCH = YES;
				COPY_PHASE_STRIP = NO;
				DEBUG_INFORMATION_FORMAT = "dwarf-with-dsym";
				ENABLE_NS_ASSERTIONS = NO;
				ENABLE_STRICT_OBJC_MSGSEND = YES;
				GCC_C_LANGUAGE_STANDARD = gnu11;
				GCC_NO_COMMON_BLOCKS = YES;
				GCC_WARN_64_TO_32_BIT_CONVERSION = YES;
				GCC_WARN_ABOUT_RETURN_TYPE = YES_ERROR;
				GCC_WARN_UNDECLARED_SELECTOR = YES;
				GCC_WARN_UNINITIALIZED_AUTOS = YES_AGGRESSIVE;
				GCC_WARN_UNUSED_FUNCTION = YES;
				GCC_WARN_UNUSED_VARIABLE = YES;
				IPHONEOS_DEPLOYMENT_TARGET = 14.4;
				MTL_ENABLE_DEBUG_INFO = NO;
				MTL_FAST_MATH = YES;
				SDKROOT = iphoneos;
				SWIFT_COMPILATION_MODE = wholemodule;
				SWIFT_OPTIMIZATION_LEVEL = "-O";
				VALIDATE_PRODUCT = YES;
			};
			name = Release;
		};
		CD03E7A42790FC65009BD7F8 /* Debug */ = {
			isa = XCBuildConfiguration;
			buildSettings = {
				ASSETCATALOG_COMPILER_APPICON_NAME = AppIcon;
				ASSETCATALOG_COMPILER_GLOBAL_ACCENT_COLOR_NAME = AccentColor;
				CODE_SIGN_STYLE = Automatic;
				DEVELOPMENT_ASSET_PATHS = "\"Scrumdinger/Preview Content\"";
				DEVELOPMENT_TEAM = PRA9YJTRFX;
				ENABLE_PREVIEWS = YES;
				INFOPLIST_FILE = Scrumdinger/Info.plist;
				IPHONEOS_DEPLOYMENT_TARGET = 14.0;
				LD_RUNPATH_SEARCH_PATHS = (
					"$(inherited)",
					"@executable_path/Frameworks",
				);
				PRODUCT_BUNDLE_IDENTIFIER = com.christinetrac.Scrumdinger;
				PRODUCT_NAME = "$(TARGET_NAME)";
				SWIFT_VERSION = 5.0;
				TARGETED_DEVICE_FAMILY = "1,2";
			};
			name = Debug;
		};
		CD03E7A52790FC65009BD7F8 /* Release */ = {
			isa = XCBuildConfiguration;
			buildSettings = {
				ASSETCATALOG_COMPILER_APPICON_NAME = AppIcon;
				ASSETCATALOG_COMPILER_GLOBAL_ACCENT_COLOR_NAME = AccentColor;
				CODE_SIGN_STYLE = Automatic;
				DEVELOPMENT_ASSET_PATHS = "\"Scrumdinger/Preview Content\"";
				DEVELOPMENT_TEAM = PRA9YJTRFX;
				ENABLE_PREVIEWS = YES;
				INFOPLIST_FILE = Scrumdinger/Info.plist;
				IPHONEOS_DEPLOYMENT_TARGET = 14.0;
				LD_RUNPATH_SEARCH_PATHS = (
					"$(inherited)",
					"@executable_path/Frameworks",
				);
				PRODUCT_BUNDLE_IDENTIFIER = com.christinetrac.Scrumdinger;
				PRODUCT_NAME = "$(TARGET_NAME)";
				SWIFT_VERSION = 5.0;
				TARGETED_DEVICE_FAMILY = "1,2";
			};
			name = Release;
		};
		CD03E7A72790FC65009BD7F8 /* Debug */ = {
			isa = XCBuildConfiguration;
			buildSettings = {
				ALWAYS_EMBED_SWIFT_STANDARD_LIBRARIES = YES;
				BUNDLE_LOADER = "$(TEST_HOST)";
				CODE_SIGN_STYLE = Automatic;
				INFOPLIST_FILE = ScrumdingerTests/Info.plist;
				IPHONEOS_DEPLOYMENT_TARGET = 14.0;
				LD_RUNPATH_SEARCH_PATHS = (
					"$(inherited)",
					"@executable_path/Frameworks",
					"@loader_path/Frameworks",
				);
				PRODUCT_BUNDLE_IDENTIFIER = com.christinetrac.ScrumdingerTests;
				PRODUCT_NAME = "$(TARGET_NAME)";
				SWIFT_VERSION = 5.0;
				TARGETED_DEVICE_FAMILY = "1,2";
				TEST_HOST = "$(BUILT_PRODUCTS_DIR)/Scrumdinger.app/Scrumdinger";
			};
			name = Debug;
		};
		CD03E7A82790FC65009BD7F8 /* Release */ = {
			isa = XCBuildConfiguration;
			buildSettings = {
				ALWAYS_EMBED_SWIFT_STANDARD_LIBRARIES = YES;
				BUNDLE_LOADER = "$(TEST_HOST)";
				CODE_SIGN_STYLE = Automatic;
				INFOPLIST_FILE = ScrumdingerTests/Info.plist;
				IPHONEOS_DEPLOYMENT_TARGET = 14.0;
				LD_RUNPATH_SEARCH_PATHS = (
					"$(inherited)",
					"@executable_path/Frameworks",
					"@loader_path/Frameworks",
				);
				PRODUCT_BUNDLE_IDENTIFIER = com.christinetrac.ScrumdingerTests;
				PRODUCT_NAME = "$(TARGET_NAME)";
				SWIFT_VERSION = 5.0;
				TARGETED_DEVICE_FAMILY = "1,2";
				TEST_HOST = "$(BUILT_PRODUCTS_DIR)/Scrumdinger.app/Scrumdinger";
			};
			name = Release;
		};
		CD03E7AA2790FC65009BD7F8 /* Debug */ = {
			isa = XCBuildConfiguration;
			buildSettings = {
				ALWAYS_EMBED_SWIFT_STANDARD_LIBRARIES = YES;
				CODE_SIGN_STYLE = Automatic;
				INFOPLIST_FILE = ScrumdingerUITests/Info.plist;
				LD_RUNPATH_SEARCH_PATHS = (
					"$(inherited)",
					"@executable_path/Frameworks",
					"@loader_path/Frameworks",
				);
				PRODUCT_BUNDLE_IDENTIFIER = com.christinetrac.ScrumdingerUITests;
				PRODUCT_NAME = "$(TARGET_NAME)";
				SWIFT_VERSION = 5.0;
				TARGETED_DEVICE_FAMILY = "1,2";
				TEST_TARGET_NAME = Scrumdinger;
			};
			name = Debug;
		};
		CD03E7AB2790FC65009BD7F8 /* Release */ = {
			isa = XCBuildConfiguration;
			buildSettings = {
				ALWAYS_EMBED_SWIFT_STANDARD_LIBRARIES = YES;
				CODE_SIGN_STYLE = Automatic;
				INFOPLIST_FILE = ScrumdingerUITests/Info.plist;
				LD_RUNPATH_SEARCH_PATHS = (
					"$(inherited)",
					"@executable_path/Frameworks",
					"@loader_path/Frameworks",
				);
				PRODUCT_BUNDLE_IDENTIFIER = com.christinetrac.ScrumdingerUITests;
				PRODUCT_NAME = "$(TARGET_NAME)";
				SWIFT_VERSION = 5.0;
				TARGETED_DEVICE_FAMILY = "1,2";
				TEST_TARGET_NAME = Scrumdinger;
			};
			name = Release;
		};
/* End XCBuildConfiguration section */

/* Begin XCConfigurationList section */
		CD03E7792790FC62009BD7F8 /* Build configuration list for PBXProject "Scrumdinger" */ = {
			isa = XCConfigurationList;
			buildConfigurations = (
				CD03E7A12790FC65009BD7F8 /* Debug */,
				CD03E7A22790FC65009BD7F8 /* Release */,
			);
			defaultConfigurationIsVisible = 0;
			defaultConfigurationName = Release;
		};
		CD03E7A32790FC65009BD7F8 /* Build configuration list for PBXNativeTarget "Scrumdinger" */ = {
			isa = XCConfigurationList;
			buildConfigurations = (
				CD03E7A42790FC65009BD7F8 /* Debug */,
				CD03E7A52790FC65009BD7F8 /* Release */,
			);
			defaultConfigurationIsVisible = 0;
			defaultConfigurationName = Release;
		};
		CD03E7A62790FC65009BD7F8 /* Build configuration list for PBXNativeTarget "ScrumdingerTests" */ = {
			isa = XCConfigurationList;
			buildConfigurations = (
				CD03E7A72790FC65009BD7F8 /* Debug */,
				CD03E7A82790FC65009BD7F8 /* Release */,
			);
			defaultConfigurationIsVisible = 0;
			defaultConfigurationName = Release;
		};
		CD03E7A92790FC65009BD7F8 /* Build configuration list for PBXNativeTarget "ScrumdingerUITests" */ = {
			isa = XCConfigurationList;
			buildConfigurations = (
				CD03E7AA2790FC65009BD7F8 /* Debug */,
				CD03E7AB2790FC65009BD7F8 /* Release */,
			);
			defaultConfigurationIsVisible = 0;
			defaultConfigurationName = Release;
		};
/* End XCConfigurationList section */
	};
	rootObject = CD03E7762790FC62009BD7F8 /* Project object */;
}
